
Microsoft Visual Studio Solution File, Format Version 12.00
# Visual Studio 15
VisualStudioVersion = 15.0.27130.2027
MinimumVisualStudioVersion = 10.0.40219.1
Project("{FAE04EC0-301F-11D3-BF4B-00C04F79EFBC}") = "DogAPI", "DogAPI\DogAPI.csproj", "{5289A43B-57CA-4B9B-A0BD-143F78846B6A}"
EndProject
Global
	GlobalSection(SolutionConfigurationPlatforms) = preSolution
		Debug|Any CPU = Debug|Any CPU
		Release|Any CPU = Release|Any CPU
	EndGlobalSection
	GlobalSection(ProjectConfigurationPlatforms) = postSolution
		{5289A43B-57CA-4B9B-A0BD-143F78846B6A}.Debug|Any CPU.ActiveCfg = Debug|Any CPU
		{5289A43B-57CA-4B9B-A0BD-143F78846B6A}.Debug|Any CPU.Build.0 = Debug|Any CPU
		{5289A43B-57CA-4B9B-A0BD-143F78846B6A}.Release|Any CPU.ActiveCfg = Release|Any CPU
		{5289A43B-57CA-4B9B-A0BD-143F78846B6A}.Release|Any CPU.Build.0 = Release|Any CPU
	EndGlobalSection
	GlobalSection(SolutionProperties) = preSolution
		HideSolutionNode = FALSE
	EndGlobalSection
	GlobalSection(ExtensibilityGlobals) = postSolution
		SolutionGuid = {8ABB665E-FED6-4372-87F2-860DD6EB9C40}
	EndGlobalSection
EndGlobal
